// !$*UTF8*$!
{
	archiveVersion = 1;
	classes = {
	};
	objectVersion = 48;
	objects = {

/* Begin PBXBuildFile section */
		098CC29C21F7447E002765F4 /* AppDelegate.swift in Sources */ = {isa = PBXBuildFile; fileRef = 098CC29B21F7447E002765F4 /* AppDelegate.swift */; };
		098CC29E21F7447E002765F4 /* ViewController.swift in Sources */ = {isa = PBXBuildFile; fileRef = 098CC29D21F7447E002765F4 /* ViewController.swift */; };
		098CC2A121F7447E002765F4 /* Main.storyboard in Resources */ = {isa = PBXBuildFile; fileRef = 098CC29F21F7447E002765F4 /* Main.storyboard */; };
		098CC2A321F7447E002765F4 /* Assets.xcassets in Resources */ = {isa = PBXBuildFile; fileRef = 098CC2A221F7447E002765F4 /* Assets.xcassets */; };
		098CC2A621F7447E002765F4 /* LaunchScreen.storyboard in Resources */ = {isa = PBXBuildFile; fileRef = 098CC2A421F7447E002765F4 /* LaunchScreen.storyboard */; };
		098CC2B121F7447E002765F4 /* GasCalculatorTests.swift in Sources */ = {isa = PBXBuildFile; fileRef = 098CC2B021F7447E002765F4 /* GasCalculatorTests.swift */; };
		098CC2BC21F7447E002765F4 /* GasCalculatorUITests.swift in Sources */ = {isa = PBXBuildFile; fileRef = 098CC2BB21F7447E002765F4 /* GasCalculatorUITests.swift */; };
/* End PBXBuildFile section */

/* Begin PBXContainerItemProxy section */
		098CC2AD21F7447E002765F4 /* PBXContainerItemProxy */ = {
			isa = PBXContainerItemProxy;
			containerPortal = 098CC29021F7447E002765F4 /* Project object */;
			proxyType = 1;
			remoteGlobalIDString = 098CC29721F7447E002765F4;
			remoteInfo = GasCalculator;
		};
		098CC2B821F7447E002765F4 /* PBXContainerItemProxy */ = {
			isa = PBXContainerItemProxy;
			containerPortal = 098CC29021F7447E002765F4 /* Project object */;
			proxyType = 1;
			remoteGlobalIDString = 098CC29721F7447E002765F4;
			remoteInfo = GasCalculator;
		};
/* End PBXContainerItemProxy section */

/* Begin PBXFileReference section */
		098CC29821F7447E002765F4 /* GasCalculator.app */ = {isa = PBXFileReference; explicitFileType = wrapper.application; includeInIndex = 0; path = GasCalculator.app; sourceTree = BUILT_PRODUCTS_DIR; };
		098CC29B21F7447E002765F4 /* AppDelegate.swift */ = {isa = PBXFileReference; lastKnownFileType = sourcecode.swift; path = AppDelegate.swift; sourceTree = "<group>"; };
		098CC29D21F7447E002765F4 /* ViewController.swift */ = {isa = PBXFileReference; lastKnownFileType = sourcecode.swift; path = ViewController.swift; sourceTree = "<group>"; };
		098CC2A021F7447E002765F4 /* Base */ = {isa = PBXFileReference; lastKnownFileType = file.storyboard; name = Base; path = Base.lproj/Main.storyboard; sourceTree = "<group>"; };
		098CC2A221F7447E002765F4 /* Assets.xcassets */ = {isa = PBXFileReference; lastKnownFileType = folder.assetcatalog; path = Assets.xcassets; sourceTree = "<group>"; };
		098CC2A521F7447E002765F4 /* Base */ = {isa = PBXFileReference; lastKnownFileType = file.storyboard; name = Base; path = Base.lproj/LaunchScreen.storyboard; sourceTree = "<group>"; };
		098CC2A721F7447E002765F4 /* Info.plist */ = {isa = PBXFileReference; lastKnownFileType = text.plist.xml; path = Info.plist; sourceTree = "<group>"; };
		098CC2AC21F7447E002765F4 /* GasCalculatorTests.xctest */ = {isa = PBXFileReference; explicitFileType = wrapper.cfbundle; includeInIndex = 0; path = GasCalculatorTests.xctest; sourceTree = BUILT_PRODUCTS_DIR; };
		098CC2B021F7447E002765F4 /* GasCalculatorTests.swift */ = {isa = PBXFileReference; lastKnownFileType = sourcecode.swift; path = GasCalculatorTests.swift; sourceTree = "<group>"; };
		098CC2B221F7447E002765F4 /* Info.plist */ = {isa = PBXFileReference; lastKnownFileType = text.plist.xml; path = Info.plist; sourceTree = "<group>"; };
		098CC2B721F7447E002765F4 /* GasCalculatorUITests.xctest */ = {isa = PBXFileReference; explicitFileType = wrapper.cfbundle; includeInIndex = 0; path = GasCalculatorUITests.xctest; sourceTree = BUILT_PRODUCTS_DIR; };
		098CC2BB21F7447E002765F4 /* GasCalculatorUITests.swift */ = {isa = PBXFileReference; lastKnownFileType = sourcecode.swift; path = GasCalculatorUITests.swift; sourceTree = "<group>"; };
		098CC2BD21F7447E002765F4 /* Info.plist */ = {isa = PBXFileReference; lastKnownFileType = text.plist.xml; path = Info.plist; sourceTree = "<group>"; };
/* End PBXFileReference section */

/* Begin PBXFrameworksBuildPhase section */
		098CC29521F7447E002765F4 /* Frameworks */ = {
			isa = PBXFrameworksBuildPhase;
			buildActionMask = 2147483647;
			files = (
			);
			runOnlyForDeploymentPostprocessing = 0;
		};
		098CC2A921F7447E002765F4 /* Frameworks */ = {
			isa = PBXFrameworksBuildPhase;
			buildActionMask = 2147483647;
			files = (
			);
			runOnlyForDeploymentPostprocessing = 0;
		};
		098CC2B421F7447E002765F4 /* Frameworks */ = {
			isa = PBXFrameworksBuildPhase;
			buildActionMask = 2147483647;
			files = (
			);
			runOnlyForDeploymentPostprocessing = 0;
		};
/* End PBXFrameworksBuildPhase section */

/* Begin PBXGroup section */
		098CC28F21F7447E002765F4 = {
			isa = PBXGroup;
			children = (
				098CC29A21F7447E002765F4 /* GasCalculator */,
				098CC2AF21F7447E002765F4 /* GasCalculatorTests */,
				098CC2BA21F7447E002765F4 /* GasCalculatorUITests */,
				098CC29921F7447E002765F4 /* Products */,
			);
			sourceTree = "<group>";
		};
		098CC29921F7447E002765F4 /* Products */ = {
			isa = PBXGroup;
			children = (
				098CC29821F7447E002765F4 /* GasCalculator.app */,
				098CC2AC21F7447E002765F4 /* GasCalculatorTests.xctest */,
				098CC2B721F7447E002765F4 /* GasCalculatorUITests.xctest */,
			);
			name = Products;
			sourceTree = "<group>";
		};
		098CC29A21F7447E002765F4 /* GasCalculator */ = {
			isa = PBXGroup;
			children = (
				098CC29B21F7447E002765F4 /* AppDelegate.swift */,
				098CC29D21F7447E002765F4 /* ViewController.swift */,
				098CC29F21F7447E002765F4 /* Main.storyboard */,
				098CC2A221F7447E002765F4 /* Assets.xcassets */,
				098CC2A421F7447E002765F4 /* LaunchScreen.storyboard */,
				098CC2A721F7447E002765F4 /* Info.plist */,
			);
			path = GasCalculator;
			sourceTree = "<group>";
		};
		098CC2AF21F7447E002765F4 /* GasCalculatorTests */ = {
			isa = PBXGroup;
			children = (
				098CC2B021F7447E002765F4 /* GasCalculatorTests.swift */,
				098CC2B221F7447E002765F4 /* Info.plist */,
			);
			path = GasCalculatorTests;
			sourceTree = "<group>";
		};
		098CC2BA21F7447E002765F4 /* GasCalculatorUITests */ = {
			isa = PBXGroup;
			children = (
				098CC2BB21F7447E002765F4 /* GasCalculatorUITests.swift */,
				098CC2BD21F7447E002765F4 /* Info.plist */,
			);
			path = GasCalculatorUITests;
			sourceTree = "<group>";
		};
/* End PBXGroup section */

/* Begin PBXNativeTarget section */
		098CC29721F7447E002765F4 /* GasCalculator */ = {
			isa = PBXNativeTarget;
			buildConfigurationList = 098CC2C021F7447E002765F4 /* Build configuration list for PBXNativeTarget "GasCalculator" */;
			buildPhases = (
				098CC29421F7447E002765F4 /* Sources */,
				098CC29521F7447E002765F4 /* Frameworks */,
				098CC29621F7447E002765F4 /* Resources */,
			);
			buildRules = (
			);
			dependencies = (
			);
			name = GasCalculator;
			productName = GasCalculator;
			productReference = 098CC29821F7447E002765F4 /* GasCalculator.app */;
			productType = "com.apple.product-type.application";
		};
		098CC2AB21F7447E002765F4 /* GasCalculatorTests */ = {
			isa = PBXNativeTarget;
			buildConfigurationList = 098CC2C321F7447E002765F4 /* Build configuration list for PBXNativeTarget "GasCalculatorTests" */;
			buildPhases = (
				098CC2A821F7447E002765F4 /* Sources */,
				098CC2A921F7447E002765F4 /* Frameworks */,
				098CC2AA21F7447E002765F4 /* Resources */,
			);
			buildRules = (
			);
			dependencies = (
				098CC2AE21F7447E002765F4 /* PBXTargetDependency */,
			);
			name = GasCalculatorTests;
			productName = GasCalculatorTests;
			productReference = 098CC2AC21F7447E002765F4 /* GasCalculatorTests.xctest */;
			productType = "com.apple.product-type.bundle.unit-test";
		};
		098CC2B621F7447E002765F4 /* GasCalculatorUITests */ = {
			isa = PBXNativeTarget;
			buildConfigurationList = 098CC2C621F7447E002765F4 /* Build configuration list for PBXNativeTarget "GasCalculatorUITests" */;
			buildPhases = (
				098CC2B321F7447E002765F4 /* Sources */,
				098CC2B421F7447E002765F4 /* Frameworks */,
				098CC2B521F7447E002765F4 /* Resources */,
			);
			buildRules = (
			);
			dependencies = (
				098CC2B921F7447E002765F4 /* PBXTargetDependency */,
			);
			name = GasCalculatorUITests;
			productName = GasCalculatorUITests;
			productReference = 098CC2B721F7447E002765F4 /* GasCalculatorUITests.xctest */;
			productType = "com.apple.product-type.bundle.ui-testing";
		};
/* End PBXNativeTarget section */

/* Begin PBXProject section */
		098CC29021F7447E002765F4 /* Project object */ = {
			isa = PBXProject;
			attributes = {
				LastSwiftUpdateCheck = 0900;
				LastUpgradeCheck = 0900;
				ORGANIZATIONNAME = retina;
				TargetAttributes = {
					098CC29721F7447E002765F4 = {
						CreatedOnToolsVersion = 9.0;
						ProvisioningStyle = Automatic;
					};
					098CC2AB21F7447E002765F4 = {
						CreatedOnToolsVersion = 9.0;
						ProvisioningStyle = Automatic;
						TestTargetID = 098CC29721F7447E002765F4;
					};
					098CC2B621F7447E002765F4 = {
						CreatedOnToolsVersion = 9.0;
						ProvisioningStyle = Automatic;
						TestTargetID = 098CC29721F7447E002765F4;
					};
				};
			};
			buildConfigurationList = 098CC29321F7447E002765F4 /* Build configuration list for PBXProject "GasCalculator" */;
			compatibilityVersion = "Xcode 8.0";
			developmentRegion = en;
			hasScannedForEncodings = 0;
			knownRegions = (
				en,
				Base,
			);
			mainGroup = 098CC28F21F7447E002765F4;
			productRefGroup = 098CC29921F7447E002765F4 /* Products */;
			projectDirPath = "";
			projectRoot = "";
			targets = (
				098CC29721F7447E002765F4 /* GasCalculator */,
				098CC2AB21F7447E002765F4 /* GasCalculatorTests */,
				098CC2B621F7447E002765F4 /* GasCalculatorUITests */,
			);
		};
/* End PBXProject section */

/* Begin PBXResourcesBuildPhase section */
		098CC29621F7447E002765F4 /* Resources */ = {
			isa = PBXResourcesBuildPhase;
			buildActionMask = 2147483647;
			files = (
				098CC2A621F7447E002765F4 /* LaunchScreen.storyboard in Resources */,
				098CC2A321F7447E002765F4 /* Assets.xcassets in Resources */,
				098CC2A121F7447E002765F4 /* Main.storyboard in Resources */,
			);
			runOnlyForDeploymentPostprocessing = 0;
		};
		098CC2AA21F7447E002765F4 /* Resources */ = {
			isa = PBXResourcesBuildPhase;
			buildActionMask = 2147483647;
			files = (
			);
			runOnlyForDeploymentPostprocessing = 0;
		};
		098CC2B521F7447E002765F4 /* Resources */ = {
			isa = PBXResourcesBuildPhase;
			buildActionMask = 2147483647;
			files = (
			);
			runOnlyForDeploymentPostprocessing = 0;
		};
/* End PBXResourcesBuildPhase section */

/* Begin PBXSourcesBuildPhase section */
		098CC29421F7447E002765F4 /* Sources */ = {
			isa = PBXSourcesBuildPhase;
			buildActionMask = 2147483647;
			files = (
				098CC29E21F7447E002765F4 /* ViewController.swift in Sources */,
				098CC29C21F7447E002765F4 /* AppDelegate.swift in Sources */,
			);
			runOnlyForDeploymentPostprocessing = 0;
		};
		098CC2A821F7447E002765F4 /* Sources */ = {
			isa = PBXSourcesBuildPhase;
			buildActionMask = 2147483647;
			files = (
				098CC2B121F7447E002765F4 /* GasCalculatorTests.swift in Sources */,
			);
			runOnlyForDeploymentPostprocessing = 0;
		};
		098CC2B321F7447E002765F4 /* Sources */ = {
			isa = PBXSourcesBuildPhase;
			buildActionMask = 2147483647;
			files = (
				098CC2BC21F7447E002765F4 /* GasCalculatorUITests.swift in Sources */,
			);
			runOnlyForDeploymentPostprocessing = 0;
		};
/* End PBXSourcesBuildPhase section */

/* Begin PBXTargetDependency section */
		098CC2AE21F7447E002765F4 /* PBXTargetDependency */ = {
			isa = PBXTargetDependency;
			target = 098CC29721F7447E002765F4 /* GasCalculator */;
			targetProxy = 098CC2AD21F7447E002765F4 /* PBXContainerItemProxy */;
		};
		098CC2B921F7447E002765F4 /* PBXTargetDependency */ = {
			isa = PBXTargetDependency;
			target = 098CC29721F7447E002765F4 /* GasCalculator */;
			targetProxy = 098CC2B821F7447E002765F4 /* PBXContainerItemProxy */;
		};
/* End PBXTargetDependency section */

/* Begin PBXVariantGroup section */
		098CC29F21F7447E002765F4 /* Main.storyboard */ = {
			isa = PBXVariantGroup;
			children = (
				098CC2A021F7447E002765F4 /* Base */,
			);
			name = Main.storyboard;
			sourceTree = "<group>";
		};
		098CC2A421F7447E002765F4 /* LaunchScreen.storyboard */ = {
			isa = PBXVariantGroup;
			children = (
				098CC2A521F7447E002765F4 /* Base */,
			);
			name = LaunchScreen.storyboard;
			sourceTree = "<group>";
		};
/* End PBXVariantGroup section */

/* Begin XCBuildConfiguration section */
		098CC2BE21F7447E002765F4 /* Debug */ = {
			isa = XCBuildConfiguration;
			buildSettings = {
				ALWAYS_SEARCH_USER_PATHS = NO;
				CLANG_ANALYZER_NONNULL = YES;
				CLANG_ANALYZER_NUMBER_OBJECT_CONVERSION = YES_AGGRESSIVE;
				CLANG_CXX_LANGUAGE_STANDARD = "gnu++14";
				CLANG_CXX_LIBRARY = "libc++";
				CLANG_ENABLE_MODULES = YES;
				CLANG_ENABLE_OBJC_ARC = YES;
				CLANG_WARN_BLOCK_CAPTURE_AUTORELEASING = YES;
				CLANG_WARN_BOOL_CONVERSION = YES;
				CLANG_WARN_COMMA = YES;
				CLANG_WARN_CONSTANT_CONVERSION = YES;
				CLANG_WARN_DIRECT_OBJC_ISA_USAGE = YES_ERROR;
				CLANG_WARN_DOCUMENTATION_COMMENTS = YES;
				CLANG_WARN_EMPTY_BODY = YES;
				CLANG_WARN_ENUM_CONVERSION = YES;
				CLANG_WARN_INFINITE_RECURSION = YES;
				CLANG_WARN_INT_CONVERSION = YES;
				CLANG_WARN_NON_LITERAL_NULL_CONVERSION = YES;
				CLANG_WARN_OBJC_LITERAL_CONVERSION = YES;
				CLANG_WARN_OBJC_ROOT_CLASS = YES_ERROR;
				CLANG_WARN_RANGE_LOOP_ANALYSIS = YES;
				CLANG_WARN_STRICT_PROTOTYPES = YES;
				CLANG_WARN_SUSPICIOUS_MOVE = YES;
				CLANG_WARN_UNGUARDED_AVAILABILITY = YES_AGGRESSIVE;
				CLANG_WARN_UNREACHABLE_CODE = YES;
				CLANG_WARN__DUPLICATE_METHOD_MATCH = YES;
				CODE_SIGN_IDENTITY = "iPhone Developer";
				COPY_PHASE_STRIP = NO;
				DEBUG_INFORMATION_FORMAT = dwarf;
				ENABLE_STRICT_OBJC_MSGSEND = YES;
				ENABLE_TESTABILITY = YES;
				GCC_C_LANGUAGE_STANDARD = gnu11;
				GCC_DYNAMIC_NO_PIC = NO;
				GCC_NO_COMMON_BLOCKS = YES;
				GCC_OPTIMIZATION_LEVEL = 0;
				GCC_PREPROCESSOR_DEFINITIONS = (
					"DEBUG=1",
					"$(inherited)",
				);
				GCC_WARN_64_TO_32_BIT_CONVERSION = YES;
				GCC_WARN_ABOUT_RETURN_TYPE = YES_ERROR;
				GCC_WARN_UNDECLARED_SELECTOR = YES;
				GCC_WARN_UNINITIALIZED_AUTOS = YES_AGGRESSIVE;
				GCC_WARN_UNUSED_FUNCTION = YES;
				GCC_WARN_UNUSED_VARIABLE = YES;
				IPHONEOS_DEPLOYMENT_TARGET = 11.0;
				MTL_ENABLE_DEBUG_INFO = YES;
				ONLY_ACTIVE_ARCH = YES;
				SDKROOT = iphoneos;
				SWIFT_ACTIVE_COMPILATION_CONDITIONS = DEBUG;
				SWIFT_OPTIMIZATION_LEVEL = "-Onone";
			};
			name = Debug;
		};
		098CC2BF21F7447E002765F4 /* Release */ = {
			isa = XCBuildConfiguration;
			buildSettings = {
				ALWAYS_SEARCH_USER_PATHS = NO;
				CLANG_ANALYZER_NONNULL = YES;
				CLANG_ANALYZER_NUMBER_OBJECT_CONVERSION = YES_AGGRESSIVE;
				CLANG_CXX_LANGUAGE_STANDARD = "gnu++14";
				CLANG_CXX_LIBRARY = "libc++";
				CLANG_ENABLE_MODULES = YES;
				CLANG_ENABLE_OBJC_ARC = YES;
				CLANG_WARN_BLOCK_CAPTURE_AUTORELEASING = YES;
				CLANG_WARN_BOOL_CONVERSION = YES;
				CLANG_WARN_COMMA = YES;
				CLANG_WARN_CONSTANT_CONVERSION = YES;
				CLANG_WARN_DIRECT_OBJC_ISA_USAGE = YES_ERROR;
				CLANG_WARN_DOCUMENTATION_COMMENTS = YES;
				CLANG_WARN_EMPTY_BODY = YES;
				CLANG_WARN_ENUM_CONVERSION = YES;
				CLANG_WARN_INFINITE_RECURSION = YES;
				CLANG_WARN_INT_CONVERSION = YES;
				CLANG_WARN_NON_LITERAL_NULL_CONVERSION = YES;
				CLANG_WARN_OBJC_LITERAL_CONVERSION = YES;
				CLANG_WARN_OBJC_ROOT_CLASS = YES_ERROR;
				CLANG_WARN_RANGE_LOOP_ANALYSIS = YES;
				CLANG_WARN_STRICT_PROTOTYPES = YES;
				CLANG_WARN_SUSPICIOUS_MOVE = YES;
				CLANG_WARN_UNGUARDED_AVAILABILITY = YES_AGGRESSIVE;
				CLANG_WARN_UNREACHABLE_CODE = YES;
				CLANG_WARN__DUPLICATE_METHOD_MATCH = YES;
				CODE_SIGN_IDENTITY = "iPhone Developer";
				COPY_PHASE_STRIP = NO;
				DEBUG_INFORMATION_FORMAT = "dwarf-with-dsym";
				ENABLE_NS_ASSERTIONS = NO;
				ENABLE_STRICT_OBJC_MSGSEND = YES;
				GCC_C_LANGUAGE_STANDARD = gnu11;
				GCC_NO_COMMON_BLOCKS = YES;
				GCC_WARN_64_TO_32_BIT_CONVERSION = YES;
				GCC_WARN_ABOUT_RETURN_TYPE = YES_ERROR;
				GCC_WARN_UNDECLARED_SELECTOR = YES;
				GCC_WARN_UNINITIALIZED_AUTOS = YES_AGGRESSIVE;
				GCC_WARN_UNUSED_FUNCTION = YES;
				GCC_WARN_UNUSED_VARIABLE = YES;
				IPHONEOS_DEPLOYMENT_TARGET = 11.0;
				MTL_ENABLE_DEBUG_INFO = NO;
				SDKROOT = iphoneos;
				SWIFT_OPTIMIZATION_LEVEL = "-Owholemodule";
				VALIDATE_PRODUCT = YES;
			};
			name = Release;
		};
		098CC2C121F7447E002765F4 /* Debug */ = {
			isa = XCBuildConfiguration;
			buildSettings = {
				ASSETCATALOG_COMPILER_APPICON_NAME = AppIcon;
				CODE_SIGN_STYLE = Automatic;
				INFOPLIST_FILE = GasCalculator/Info.plist;
				LD_RUNPATH_SEARCH_PATHS = "$(inherited) @executable_path/Frameworks";
				PRODUCT_BUNDLE_IDENTIFIER = scopus.GasCalculator;
				PRODUCT_NAME = "$(TARGET_NAME)";
				SWIFT_VERSION = 4.0;
				TARGETED_DEVICE_FAMILY = "1,2";
			};
			name = Debug;
		};
		098CC2C221F7447E002765F4 /* Release */ = {
			isa = XCBuildConfiguration;
			buildSettings = {
				ASSETCATALOG_COMPILER_APPICON_NAME = AppIcon;
				CODE_SIGN_STYLE = Automatic;
				INFOPLIST_FILE = GasCalculator/Info.plist;
				LD_RUNPATH_SEARCH_PATHS = "$(inherited) @executable_path/Frameworks";
				PRODUCT_BUNDLE_IDENTIFIER = scopus.GasCalculator;
				PRODUCT_NAME = "$(TARGET_NAME)";
				SWIFT_VERSION = 4.0;
				TARGETED_DEVICE_FAMILY = "1,2";
			};
			name = Release;
		};
		098CC2C421F7447E002765F4 /* Debug */ = {
			isa = XCBuildConfiguration;
			buildSettings = {
				ALWAYS_EMBED_SWIFT_STANDARD_LIBRARIES = YES;
				BUNDLE_LOADER = "$(TEST_HOST)";
				CODE_SIGN_STYLE = Automatic;
				INFOPLIST_FILE = GasCalculatorTests/Info.plist;
				LD_RUNPATH_SEARCH_PATHS = "$(inherited) @executable_path/Frameworks @loader_path/Frameworks";
				PRODUCT_BUNDLE_IDENTIFIER = scopus.GasCalculatorTests;
				PRODUCT_NAME = "$(TARGET_NAME)";
				SWIFT_VERSION = 4.0;
				TARGETED_DEVICE_FAMILY = "1,2";
				TEST_HOST = "$(BUILT_PRODUCTS_DIR)/GasCalculator.app/GasCalculator";
			};
			name = Debug;
		};
		098CC2C521F7447E002765F4 /* Release */ = {
			isa = XCBuildConfiguration;
			buildSettings = {
				ALWAYS_EMBED_SWIFT_STANDARD_LIBRARIES = YES;
				BUNDLE_LOADER = "$(TEST_HOST)";
				CODE_SIGN_STYLE = Automatic;
				INFOPLIST_FILE = GasCalculatorTests/Info.plist;
				LD_RUNPATH_SEARCH_PATHS = "$(inherited) @executable_path/Frameworks @loader_path/Frameworks";
				PRODUCT_BUNDLE_IDENTIFIER = scopus.GasCalculatorTests;
				PRODUCT_NAME = "$(TARGET_NAME)";
				SWIFT_VERSION = 4.0;
				TARGETED_DEVICE_FAMILY = "1,2";
				TEST_HOST = "$(BUILT_PRODUCTS_DIR)/GasCalculator.app/GasCalculator";
			};
			name = Release;
		};
		098CC2C721F7447E002765F4 /* Debug */ = {
			isa = XCBuildConfiguration;
			buildSettings = {
				ALWAYS_EMBED_SWIFT_STANDARD_LIBRARIES = YES;
				CODE_SIGN_STYLE = Automatic;
				INFOPLIST_FILE = GasCalculatorUITests/Info.plist;
				LD_RUNPATH_SEARCH_PATHS = "$(inherited) @executable_path/Frameworks @loader_path/Frameworks";
				PRODUCT_BUNDLE_IDENTIFIER = scopus.GasCalculatorUITests;
				PRODUCT_NAME = "$(TARGET_NAME)";
				SWIFT_VERSION = 4.0;
				TARGETED_DEVICE_FAMILY = "1,2";
				TEST_TARGET_NAME = GasCalculator;
			};
			name = Debug;
		};
		098CC2C821F7447E002765F4 /* Release */ = {
			isa = XCBuildConfiguration;
			buildSettings = {
				ALWAYS_EMBED_SWIFT_STANDARD_LIBRARIES = YES;
				CODE_SIGN_STYLE = Automatic;
				INFOPLIST_FILE = GasCalculatorUITests/Info.plist;
				LD_RUNPATH_SEARCH_PATHS = "$(inherited) @executable_path/Frameworks @loader_path/Frameworks";
				PRODUCT_BUNDLE_IDENTIFIER = scopus.GasCalculatorUITests;
				PRODUCT_NAME = "$(TARGET_NAME)";
				SWIFT_VERSION = 4.0;
				TARGETED_DEVICE_FAMILY = "1,2";
				TEST_TARGET_NAME = GasCalculator;
			};
			name = Release;
		};
/* End XCBuildConfiguration section */

/* Begin XCConfigurationList section */
		098CC29321F7447E002765F4 /* Build configuration list for PBXProject "GasCalculator" */ = {
			isa = XCConfigurationList;
			buildConfigurations = (
				098CC2BE21F7447E002765F4 /* Debug */,
				098CC2BF21F7447E002765F4 /* Release */,
			);
			defaultConfigurationIsVisible = 0;
			defaultConfigurationName = Release;
		};
		098CC2C021F7447E002765F4 /* Build configuration list for PBXNativeTarget "GasCalculator" */ = {
			isa = XCConfigurationList;
			buildConfigurations = (
				098CC2C121F7447E002765F4 /* Debug */,
				098CC2C221F7447E002765F4 /* Release */,
			);
			defaultConfigurationIsVisible = 0;
			defaultConfigurationName = Release;
		};
		098CC2C321F7447E002765F4 /* Build configuration list for PBXNativeTarget "GasCalculatorTests" */ = {
			isa = XCConfigurationList;
			buildConfigurations = (
				098CC2C421F7447E002765F4 /* Debug */,
				098CC2C521F7447E002765F4 /* Release */,
			);
			defaultConfigurationIsVisible = 0;
			defaultConfigurationName = Release;
		};
		098CC2C621F7447E002765F4 /* Build configuration list for PBXNativeTarget "GasCalculatorUITests" */ = {
			isa = XCConfigurationList;
			buildConfigurations = (
				098CC2C721F7447E002765F4 /* Debug */,
				098CC2C821F7447E002765F4 /* Release */,
			);
			defaultConfigurationIsVisible = 0;
			defaultConfigurationName = Release;
		};
/* End XCConfigurationList section */
	};
	rootObject = 098CC29021F7447E002765F4 /* Project object */;
}
